
Microsoft Visual Studio Solution File, Format Version 12.00
# Visual Studio 15
VisualStudioVersion = 15.0.26730.16
MinimumVisualStudioVersion = 10.0.40219.1
Project("{FAE04EC0-301F-11D3-BF4B-00C04F79EFBC}") = "Bookish.ConsoleApp", "Bookish\Bookish.ConsoleApp.csproj", "{1C31ABE7-053D-40CD-89B0-5ACEF8BF6F09}"
EndProject
Project("{FAE04EC0-301F-11D3-BF4B-00C04F79EFBC}") = "DataAccess", "DataAccessNew\DataAccess.csproj", "{82B94034-55CE-45F8-AAB5-1BD6EA4A914D}"
EndProject
Project("{FAE04EC0-301F-11D3-BF4B-00C04F79EFBC}") = "Bookish.Web", "Bookish.Web\Bookish.Web.csproj", "{79C4DB3E-43D6-433C-89D0-86A433CDE79F}"
EndProject
Global
	GlobalSection(SolutionConfigurationPlatforms) = preSolution
		Debug|Any CPU = Debug|Any CPU
		Debug|ARM = Debug|ARM
		Debug|x64 = Debug|x64
		Debug|x86 = Debug|x86
		Release|Any CPU = Release|Any CPU
		Release|ARM = Release|ARM
		Release|x64 = Release|x64
		Release|x86 = Release|x86
	EndGlobalSection
	GlobalSection(ProjectConfigurationPlatforms) = postSolution
		{1C31ABE7-053D-40CD-89B0-5ACEF8BF6F09}.Debug|Any CPU.ActiveCfg = Debug|Any CPU
		{1C31ABE7-053D-40CD-89B0-5ACEF8BF6F09}.Debug|Any CPU.Build.0 = Debug|Any CPU
		{1C31ABE7-053D-40CD-89B0-5ACEF8BF6F09}.Debug|ARM.ActiveCfg = Debug|Any CPU
		{1C31ABE7-053D-40CD-89B0-5ACEF8BF6F09}.Debug|ARM.Build.0 = Debug|Any CPU
		{1C31ABE7-053D-40CD-89B0-5ACEF8BF6F09}.Debug|x64.ActiveCfg = Debug|Any CPU
		{1C31ABE7-053D-40CD-89B0-5ACEF8BF6F09}.Debug|x64.Build.0 = Debug|Any CPU
		{1C31ABE7-053D-40CD-89B0-5ACEF8BF6F09}.Debug|x86.ActiveCfg = Debug|Any CPU
		{1C31ABE7-053D-40CD-89B0-5ACEF8BF6F09}.Debug|x86.Build.0 = Debug|Any CPU
		{1C31ABE7-053D-40CD-89B0-5ACEF8BF6F09}.Release|Any CPU.ActiveCfg = Release|Any CPU
		{1C31ABE7-053D-40CD-89B0-5ACEF8BF6F09}.Release|Any CPU.Build.0 = Release|Any CPU
		{1C31ABE7-053D-40CD-89B0-5ACEF8BF6F09}.Release|ARM.ActiveCfg = Release|Any CPU
		{1C31ABE7-053D-40CD-89B0-5ACEF8BF6F09}.Release|ARM.Build.0 = Release|Any CPU
		{1C31ABE7-053D-40CD-89B0-5ACEF8BF6F09}.Release|x64.ActiveCfg = Release|Any CPU
		{1C31ABE7-053D-40CD-89B0-5ACEF8BF6F09}.Release|x64.Build.0 = Release|Any CPU
		{1C31ABE7-053D-40CD-89B0-5ACEF8BF6F09}.Release|x86.ActiveCfg = Release|Any CPU
		{1C31ABE7-053D-40CD-89B0-5ACEF8BF6F09}.Release|x86.Build.0 = Release|Any CPU
		{82B94034-55CE-45F8-AAB5-1BD6EA4A914D}.Debug|Any CPU.ActiveCfg = Debug|Any CPU
		{82B94034-55CE-45F8-AAB5-1BD6EA4A914D}.Debug|Any CPU.Build.0 = Debug|Any CPU
		{82B94034-55CE-45F8-AAB5-1BD6EA4A914D}.Debug|ARM.ActiveCfg = Debug|Any CPU
		{82B94034-55CE-45F8-AAB5-1BD6EA4A914D}.Debug|ARM.Build.0 = Debug|Any CPU
		{82B94034-55CE-45F8-AAB5-1BD6EA4A914D}.Debug|x64.ActiveCfg = Debug|Any CPU
		{82B94034-55CE-45F8-AAB5-1BD6EA4A914D}.Debug|x64.Build.0 = Debug|Any CPU
		{82B94034-55CE-45F8-AAB5-1BD6EA4A914D}.Debug|x86.ActiveCfg = Debug|Any CPU
		{82B94034-55CE-45F8-AAB5-1BD6EA4A914D}.Debug|x86.Build.0 = Debug|Any CPU
		{82B94034-55CE-45F8-AAB5-1BD6EA4A914D}.Release|Any CPU.ActiveCfg = Release|Any CPU
		{82B94034-55CE-45F8-AAB5-1BD6EA4A914D}.Release|Any CPU.Build.0 = Release|Any CPU
		{82B94034-55CE-45F8-AAB5-1BD6EA4A914D}.Release|ARM.ActiveCfg = Release|Any CPU
		{82B94034-55CE-45F8-AAB5-1BD6EA4A914D}.Release|ARM.Build.0 = Release|Any CPU
		{82B94034-55CE-45F8-AAB5-1BD6EA4A914D}.Release|x64.ActiveCfg = Release|Any CPU
		{82B94034-55CE-45F8-AAB5-1BD6EA4A914D}.Release|x64.Build.0 = Release|Any CPU
		{82B94034-55CE-45F8-AAB5-1BD6EA4A914D}.Release|x86.ActiveCfg = Release|Any CPU
		{82B94034-55CE-45F8-AAB5-1BD6EA4A914D}.Release|x86.Build.0 = Release|Any CPU
		{79C4DB3E-43D6-433C-89D0-86A433CDE79F}.Debug|Any CPU.ActiveCfg = Debug|Any CPU
		{79C4DB3E-43D6-433C-89D0-86A433CDE79F}.Debug|Any CPU.Build.0 = Debug|Any CPU
		{79C4DB3E-43D6-433C-89D0-86A433CDE79F}.Debug|ARM.ActiveCfg = Debug|Any CPU
		{79C4DB3E-43D6-433C-89D0-86A433CDE79F}.Debug|ARM.Build.0 = Debug|Any CPU
		{79C4DB3E-43D6-433C-89D0-86A433CDE79F}.Debug|x64.ActiveCfg = Debug|Any CPU
		{79C4DB3E-43D6-433C-89D0-86A433CDE79F}.Debug|x64.Build.0 = Debug|Any CPU
		{79C4DB3E-43D6-433C-89D0-86A433CDE79F}.Debug|x86.ActiveCfg = Debug|Any CPU
		{79C4DB3E-43D6-433C-89D0-86A433CDE79F}.Debug|x86.Build.0 = Debug|Any CPU
		{79C4DB3E-43D6-433C-89D0-86A433CDE79F}.Release|Any CPU.ActiveCfg = Release|Any CPU
		{79C4DB3E-43D6-433C-89D0-86A433CDE79F}.Release|Any CPU.Build.0 = Release|Any CPU
		{79C4DB3E-43D6-433C-89D0-86A433CDE79F}.Release|ARM.ActiveCfg = Release|Any CPU
		{79C4DB3E-43D6-433C-89D0-86A433CDE79F}.Release|ARM.Build.0 = Release|Any CPU
		{79C4DB3E-43D6-433C-89D0-86A433CDE79F}.Release|x64.ActiveCfg = Release|Any CPU
		{79C4DB3E-43D6-433C-89D0-86A433CDE79F}.Release|x64.Build.0 = Release|Any CPU
		{79C4DB3E-43D6-433C-89D0-86A433CDE79F}.Release|x86.ActiveCfg = Release|Any CPU
		{79C4DB3E-43D6-433C-89D0-86A433CDE79F}.Release|x86.Build.0 = Release|Any CPU
	EndGlobalSection
	GlobalSection(SolutionProperties) = preSolution
		HideSolutionNode = FALSE
	EndGlobalSection
	GlobalSection(ExtensibilityGlobals) = postSolution
		SolutionGuid = {C622F5A2-6368-417D-A334-08D703FD2EF9}
	EndGlobalSection
EndGlobal
